
Microsoft Visual Studio Solution File, Format Version 12.00
# Visual Studio Version 17
VisualStudioVersion = 17.10.35027.167
MinimumVisualStudioVersion = 10.0.40219.1
Project("{9A19103F-16F7-4668-BE54-9A1E7A4F7556}") = "ContactManagerApp", "ContactManagerApp\ContactManagerApp.csproj", "{DF97B709-77CB-448A-B657-EA51C4C39312}"
EndProject
Global
	GlobalSection(SolutionConfigurationPlatforms) = preSolution
		Debug|Any CPU = Debug|Any CPU
		Release|Any CPU = Release|Any CPU
	EndGlobalSection
	GlobalSection(ProjectConfigurationPlatforms) = postSolution
		{DF97B709-77CB-448A-B657-EA51C4C39312}.Debug|Any CPU.ActiveCfg = Debug|Any CPU
		{DF97B709-77CB-448A-B657-EA51C4C39312}.Debug|Any CPU.Build.0 = Debug|Any CPU
		{DF97B709-77CB-448A-B657-EA51C4C39312}.Release|Any CPU.ActiveCfg = Release|Any CPU
		{DF97B709-77CB-448A-B657-EA51C4C39312}.Release|Any CPU.Build.0 = Release|Any CPU
	EndGlobalSection
	GlobalSection(SolutionProperties) = preSolution
		HideSolutionNode = FALSE
	EndGlobalSection
	GlobalSection(ExtensibilityGlobals) = postSolution
		SolutionGuid = {BAEEBA77-1390-4B78-88B7-906E7F647714}
	EndGlobalSection
EndGlobal
